# THIS IS AN AUTOGENERATED FILE. DO NOT EDIT THIS FILE DIRECTLY.
# yarn lockfile v1


randombytes@^2.1.0:
  version "2.1.0"
  resolved "https://registry.yarnpkg.com/randombytes/-/randombytes-2.1.0.tgz#df6f84372f0270dc65cdf6291349ab7a473d4f2a"
  integrity sha512-vYl3iOX+4CKUWuxGi9Ukhie6fsqXqS9FE2Zaic4tNFD2N2QQaXOMFbuKK4QmDHC0JO6B1Zp41J0LpT0oR68amQ==
  dependencies:
    safe-buffer "^5.1.0"

react-app@^1.1.2:
  version "1.1.2"
  resolved "https://registry.yarnpkg.com/react-app/-/react-app-1.1.2.tgz#ae608159bdbdb166bc5fcc9c0d97b2219365dc1f"
  integrity sha1-rmCBWb29sWa8X8ycDZeyIZNl3B8=

safe-buffer@^5.1.0:
  version "5.2.1"
  resolved "https://registry.yarnpkg.com/safe-buffer/-/safe-buffer-5.2.1.tgz#1eaf9fa9bdb1fdd4ec75f58f9cdb4e6b7827eec6"
  integrity sha512-rp3So07KcdmmKbGvgaNxQSJr7bGVSVk5S9Eq1F+ppbRo70+YeaDxkw5Dd8NPN+GD6bjnYm2VuPuCXmpuYvmCXQ==

serialize-javascript@^3.1.0:
  version "3.1.0"
  resolved "https://registry.yarnpkg.com/serialize-javascript/-/serialize-javascript-3.1.0.tgz#8bf3a9170712664ef2561b44b691eafe399214ea"
  integrity sha512-JIJT1DGiWmIKhzRsG91aS6Ze4sFUrYbltlkg2onR5OrnNM02Kl/hnY/T4FN2omvyeBbQmMJv+K4cPOpGzOTFBg==
  dependencies:
    randombytes "^2.1.0"

web@^0.0.2:
  version "0.0.2"
  resolved "https://registry.yarnpkg.com/web/-/web-0.0.2.tgz#d9e227387306db8c4b239f0f4bae7fc14b4c117a"
  integrity sha1-2eInOHMG24xLI58PS65/wUtMEXo=
