# THIS IS AN AUTOGENERATED FILE. DO NOT EDIT THIS FILE DIRECTLY.
# yarn lockfile v1


react-app@^1.1.2:
  version "1.1.2"
  resolved "https://registry.yarnpkg.com/react-app/-/react-app-1.1.2.tgz#ae608159bdbdb166bc5fcc9c0d97b2219365dc1f"
  integrity sha1-rmCBWb29sWa8X8ycDZeyIZNl3B8=

serialize-javascript@^2.1.2:
  version "2.1.2"
  resolved "https://registry.yarnpkg.com/serialize-javascript/-/serialize-javascript-2.1.2.tgz#ecec53b0e0317bdc95ef76ab7074b7384785fa61"
  integrity sha512-rs9OggEUF0V4jUSecXazOYsLfu7OGK2qIn3c7IPBiffz32XniEp/TX9Xmc9LQfK2nQ2QKHvZ2oygKUGU0lG4jQ==

web@^0.0.2:
  version "0.0.2"
  resolved "https://registry.yarnpkg.com/web/-/web-0.0.2.tgz#d9e227387306db8c4b239f0f4bae7fc14b4c117a"
  integrity sha1-2eInOHMG24xLI58PS65/wUtMEXo=
